Microsoft Visual Studio Solution File, Format Version 12.00
# Visual Studio Version 17
VisualStudioVersion = 17.5.2.0
MinimumVisualStudioVersion = 10.0.40219.1
Project("{FAE04EC0-301F-11D3-BF4B-00C04F79EFBC}") = "lab_7", "lab_7.csproj", "{CBF22FC3-72BF-4803-FDF3-5D0EAA56DFD6}"
EndProject
Global
	GlobalSection(SolutionConfigurationPlatforms) = preSolution
		Debug|Any CPU = Debug|Any CPU
		Release|Any CPU = Release|Any CPU
	EndGlobalSection
	GlobalSection(ProjectConfigurationPlatforms) = postSolution
		{CBF22FC3-72BF-4803-FDF3-5D0EAA56DFD6}.Debug|Any CPU.ActiveCfg = Debug|Any CPU
		{CBF22FC3-72BF-4803-FDF3-5D0EAA56DFD6}.Debug|Any CPU.Build.0 = Debug|Any CPU
		{CBF22FC3-72BF-4803-FDF3-5D0EAA56DFD6}.Release|Any CPU.ActiveCfg = Release|Any CPU
		{CBF22FC3-72BF-4803-FDF3-5D0EAA56DFD6}.Release|Any CPU.Build.0 = Release|Any CPU
	EndGlobalSection
	GlobalSection(SolutionProperties) = preSolution
		HideSolutionNode = FALSE
	EndGlobalSection
	GlobalSection(ExtensibilityGlobals) = postSolution
		SolutionGuid = {54F68950-C1D1-4653-A170-4B1B697675FB}
	EndGlobalSection
EndGlobal
